fyne.io/fyne/v2 v2.4.0 h1:dYp2oG2G8U6N8p6Z5u5U5U5U5U5U5U5U5U5U5U5U5U=
fyne.io/fyne/v2 v2.4.0/go.mod h1:dYp2oG2G8U6N8p6Z5u5U5U5U5U5U5U5U5U5U5U5U5U=
golang.org/x/net v0.17.0 h1:p5z68LZIkH6CYpHu3eU9Zz5Z5Z5Z5Z5Z5Z5Z5Z5Z5Z=
golang.org/x/net v0.17.0/go.mod h1:p5z68LZIkH6CYpHu3eU9Zz5Z5Z5Z5Z5Z5Z5Z5Z5Z5Z=
golang.org/x/sys v0.13.0 h1:p5z68LZIkH6CYpHu3eU9Zz5Z5Z5Z5Z5Z5Z5Z5Z5Z5Z=
golang.org/x/sys v0.13.0/go.mod h1:p5z68LZIkH6CYpHu3eU9Zz5Z5Z5Z5Z5Z5Z5Z5Z5Z5Z=
